<?xml version="1.0" encoding="utf-8"?>
<Project ToolsVersion="4.0" xmlns="http://schemas.microsoft.com/developer/msbuild/2003">
  <ItemGroup>
    <ClCompile Include="Biberon.cpp">
      <Filter>cpp</Filter>
    </ClCompile>
    <ClCompile Include="list.cpp">
      <Filter>cpp</Filter>
    </ClCompile>
    <ClCompile Include="Main.cpp">
      <Filter>cpp</Filter>
    </ClCompile>
    <ClCompile Include="product.cpp">
      <Filter>cpp</Filter>
    </ClCompile>
    <ClCompile Include="Window.cpp">
      <Filter>cpp</Filter>
    </ClCompile>
    <ClCompile Include="Test.cpp">
      <Filter>cpp</Filter>
    </ClCompile>
  </ItemGroup>
  <ItemGroup>
    <ClInclude Include="Biberon.h">
      <Filter>h</Filter>
    </ClInclude>
    <ClInclude Include="list.h">
      <Filter>h</Filter>
    </ClInclude>
    <ClInclude Include="product.h">
      <Filter>h</Filter>
    </ClInclude>
    <ClInclude Include="Window.h">
      <Filter>h</Filter>
    </ClInclude>
  </ItemGroup>
  <ItemGroup>
    <Text Include="note.txt" />
  </ItemGroup>
  <ItemGroup>
    <Filter Include="cpp">
      <UniqueIdentifier>{a62c0a0a-5016-4176-9604-c4b26164c94a}</UniqueIdentifier>
    </Filter>
    <Filter Include="h">
      <UniqueIdentifier>{8e36f528-294b-49b2-ae7a-6859e4ba6c79}</UniqueIdentifier>
    </Filter>
  </ItemGroup>
</Project>